// !$*UTF8*$!
{
	archiveVersion = 1;
	classes = {
	};
	objectVersion = 46;
	objects = {

/* Begin PBXBuildFile section */
		B6004F8B14999332005EDC62 /* aeffect.h in Headers */ = {isa = PBXBuildFile; fileRef = B6E46CD4148C564300B27E81 /* aeffect.h */; };
		B6004F8C14999332005EDC62 /* aeffectx.h in Headers */ = {isa = PBXBuildFile; fileRef = B6E46CD5148C564300B27E81 /* aeffectx.h */; };
		B6004F8D14999332005EDC62 /* vstfxstore.h in Headers */ = {isa = PBXBuildFile; fileRef = B6E46CD6148C564300B27E81 /* vstfxstore.h */; };
		B6004F8E14999332005EDC62 /* aeffeditor.h in Headers */ = {isa = PBXBuildFile; fileRef = B6E46CCB148C563700B27E81 /* aeffeditor.h */; };
		B6004F8F14999332005EDC62 /* audioeffect.h in Headers */ = {isa = PBXBuildFile; fileRef = B6E46CCD148C563700B27E81 /* audioeffect.h */; };
		B6004F9014999332005EDC62 /* audioeffectx.h in Headers */ = {isa = PBXBuildFile; fileRef = B6E46CCF148C563700B27E81 /* audioeffectx.h */; };
		B6004F9114999332005EDC62 /* LaunchPlay.h in Headers */ = {isa = PBXBuildFile; fileRef = B6D35B11148AA30500CE3830 /* LaunchPlay.h */; };
		B6004F9314999332005EDC62 /* MIDIHelpers.h in Headers */ = {isa = PBXBuildFile; fileRef = B6ED5C461490DE06009887AC /* MIDIHelpers.h */; };
		B6004F9614999332005EDC62 /* LaunchPlay.cpp in Sources */ = {isa = PBXBuildFile; fileRef = B6D35B13148AA31500CE3830 /* LaunchPlay.cpp */; };
		B6004F9714999332005EDC62 /* audioeffect.cpp in Sources */ = {isa = PBXBuildFile; fileRef = B6E46CCC148C563700B27E81 /* audioeffect.cpp */; };
		B6004F9814999332005EDC62 /* audioeffectx.cpp in Sources */ = {isa = PBXBuildFile; fileRef = B6E46CCE148C563700B27E81 /* audioeffectx.cpp */; };
		B6004F9914999332005EDC62 /* vstplugmain.cpp in Sources */ = {isa = PBXBuildFile; fileRef = B6E46CD0148C563700B27E81 /* vstplugmain.cpp */; };
		B6004F9B14999332005EDC62 /* MIDIHelpers.cpp in Sources */ = {isa = PBXBuildFile; fileRef = B6ED5C4914914DAF009887AC /* MIDIHelpers.cpp */; };
		B6004F9E14999332005EDC62 /* InfoPlist.strings in Resources */ = {isa = PBXBuildFile; fileRef = B6D35B51148AB03700CE3830 /* InfoPlist.strings */; };
		B6004FA814999426005EDC62 /* LaunchPlayVirtualCable.h in Headers */ = {isa = PBXBuildFile; fileRef = B6004F851499932E005EDC62 /* LaunchPlayVirtualCable.h */; };
		B6004FA914999431005EDC62 /* LaunchPlayVirtualCable.cpp in Sources */ = {isa = PBXBuildFile; fileRef = B6004F841499932E005EDC62 /* LaunchPlayVirtualCable.cpp */; };
		B62EC41C14901ED3002EF0E8 /* LaunchPlaySequencer.h in Headers */ = {isa = PBXBuildFile; fileRef = B62EC41B14901ED3002EF0E8 /* LaunchPlaySequencer.h */; };
		B62EC42114901F5D002EF0E8 /* LaunchPlaySequencer.cpp in Sources */ = {isa = PBXBuildFile; fileRef = B62EC42014901F5D002EF0E8 /* LaunchPlaySequencer.cpp */; };
		B62EC426149021D9002EF0E8 /* aeffect.h in Headers */ = {isa = PBXBuildFile; fileRef = B6E46CD4148C564300B27E81 /* aeffect.h */; };
		B62EC427149021D9002EF0E8 /* aeffectx.h in Headers */ = {isa = PBXBuildFile; fileRef = B6E46CD5148C564300B27E81 /* aeffectx.h */; };
		B62EC428149021D9002EF0E8 /* vstfxstore.h in Headers */ = {isa = PBXBuildFile; fileRef = B6E46CD6148C564300B27E81 /* vstfxstore.h */; };
		B62EC429149021D9002EF0E8 /* aeffeditor.h in Headers */ = {isa = PBXBuildFile; fileRef = B6E46CCB148C563700B27E81 /* aeffeditor.h */; };
		B62EC42A149021D9002EF0E8 /* audioeffect.h in Headers */ = {isa = PBXBuildFile; fileRef = B6E46CCD148C563700B27E81 /* audioeffect.h */; };
		B62EC42B149021D9002EF0E8 /* audioeffectx.h in Headers */ = {isa = PBXBuildFile; fileRef = B6E46CCF148C563700B27E81 /* audioeffectx.h */; };
		B62EC42C149021D9002EF0E8 /* LaunchPlay.h in Headers */ = {isa = PBXBuildFile; fileRef = B6D35B11148AA30500CE3830 /* LaunchPlay.h */; };
		B62EC432149021D9002EF0E8 /* LaunchPlay.cpp in Sources */ = {isa = PBXBuildFile; fileRef = B6D35B13148AA31500CE3830 /* LaunchPlay.cpp */; };
		B62EC433149021D9002EF0E8 /* audioeffect.cpp in Sources */ = {isa = PBXBuildFile; fileRef = B6E46CCC148C563700B27E81 /* audioeffect.cpp */; };
		B62EC434149021D9002EF0E8 /* audioeffectx.cpp in Sources */ = {isa = PBXBuildFile; fileRef = B6E46CCE148C563700B27E81 /* audioeffectx.cpp */; };
		B62EC435149021D9002EF0E8 /* vstplugmain.cpp in Sources */ = {isa = PBXBuildFile; fileRef = B6E46CD0148C563700B27E81 /* vstplugmain.cpp */; };
		B62EC43A149021D9002EF0E8 /* InfoPlist.strings in Resources */ = {isa = PBXBuildFile; fileRef = B6D35B51148AB03700CE3830 /* InfoPlist.strings */; };
		B6D35B43148AAF3900CE3830 /* LaunchPlay.cpp in Sources */ = {isa = PBXBuildFile; fileRef = B6D35B13148AA31500CE3830 /* LaunchPlay.cpp */; };
		B6D35B53148AB03700CE3830 /* InfoPlist.strings in Resources */ = {isa = PBXBuildFile; fileRef = B6D35B51148AB03700CE3830 /* InfoPlist.strings */; };
		B6E46CD1148C563700B27E81 /* audioeffect.cpp in Sources */ = {isa = PBXBuildFile; fileRef = B6E46CCC148C563700B27E81 /* audioeffect.cpp */; };
		B6E46CD2148C563700B27E81 /* audioeffectx.cpp in Sources */ = {isa = PBXBuildFile; fileRef = B6E46CCE148C563700B27E81 /* audioeffectx.cpp */; };
		B6E46CD3148C563700B27E81 /* vstplugmain.cpp in Sources */ = {isa = PBXBuildFile; fileRef = B6E46CD0148C563700B27E81 /* vstplugmain.cpp */; };
		B6E46CD8148C573800B27E81 /* aeffect.h in Headers */ = {isa = PBXBuildFile; fileRef = B6E46CD4148C564300B27E81 /* aeffect.h */; };
		B6E46CD9148C573800B27E81 /* aeffectx.h in Headers */ = {isa = PBXBuildFile; fileRef = B6E46CD5148C564300B27E81 /* aeffectx.h */; };
		B6E46CDA148C573800B27E81 /* vstfxstore.h in Headers */ = {isa = PBXBuildFile; fileRef = B6E46CD6148C564300B27E81 /* vstfxstore.h */; };
		B6E46CDB148C573800B27E81 /* aeffeditor.h in Headers */ = {isa = PBXBuildFile; fileRef = B6E46CCB148C563700B27E81 /* aeffeditor.h */; };
		B6E46CDC148C573800B27E81 /* audioeffect.h in Headers */ = {isa = PBXBuildFile; fileRef = B6E46CCD148C563700B27E81 /* audioeffect.h */; };
		B6E46CDD148C573800B27E81 /* audioeffectx.h in Headers */ = {isa = PBXBuildFile; fileRef = B6E46CCF148C563700B27E81 /* audioeffectx.h */; };
		B6E46CDE148C573800B27E81 /* LaunchPlay.h in Headers */ = {isa = PBXBuildFile; fileRef = B6D35B11148AA30500CE3830 /* LaunchPlay.h */; };
		B6E7F1CC149813D40033E95C /* LaunchPlayMidiFilter.cpp in Sources */ = {isa = PBXBuildFile; fileRef = B6E7F1CA149813D40033E95C /* LaunchPlayMidiFilter.cpp */; };
		B6E7F1CD149813D40033E95C /* LaunchPlayMidiFilter.h in Headers */ = {isa = PBXBuildFile; fileRef = B6E7F1CB149813D40033E95C /* LaunchPlayMidiFilter.h */; };
		B6ED5C471490DE06009887AC /* MIDIHelpers.h in Headers */ = {isa = PBXBuildFile; fileRef = B6ED5C461490DE06009887AC /* MIDIHelpers.h */; };
		B6ED5C481490DE06009887AC /* MIDIHelpers.h in Headers */ = {isa = PBXBuildFile; fileRef = B6ED5C461490DE06009887AC /* MIDIHelpers.h */; };
		B6ED5C4A14914DAF009887AC /* MIDIHelpers.cpp in Sources */ = {isa = PBXBuildFile; fileRef = B6ED5C4914914DAF009887AC /* MIDIHelpers.cpp */; };
		B6ED5C4B14914DAF009887AC /* MIDIHelpers.cpp in Sources */ = {isa = PBXBuildFile; fileRef = B6ED5C4914914DAF009887AC /* MIDIHelpers.cpp */; };
/* End PBXBuildFile section */

/* Begin PBXContainerItemProxy section */
		B6004FA414999361005EDC62 /* PBXContainerItemProxy */ = {
			isa = PBXContainerItemProxy;
			containerPortal = B6D35AEE148A9D4900CE3830 /* Project object */;
			proxyType = 1;
			remoteGlobalIDString = B62EC424149021D9002EF0E8;
			remoteInfo = LaunchPlayMidiFilter;
		};
		B6004FA614999363005EDC62 /* PBXContainerItemProxy */ = {
			isa = PBXContainerItemProxy;
			containerPortal = B6D35AEE148A9D4900CE3830 /* Project object */;
			proxyType = 1;
			remoteGlobalIDString = B6004F8714999332005EDC62;
			remoteInfo = LaunchPlayVirtualCable;
		};
/* End PBXContainerItemProxy section */

/* Begin PBXFileReference section */
		B6004F841499932E005EDC62 /* LaunchPlayVirtualCable.cpp */ = {isa = PBXFileReference; lastKnownFileType = sourcecode.cpp.cpp; path = LaunchPlayVirtualCable.cpp; sourceTree = "<group>"; };
		B6004F851499932E005EDC62 /* LaunchPlayVirtualCable.h */ = {isa = PBXFileReference; lastKnownFileType = sourcecode.c.h; path = LaunchPlayVirtualCable.h; sourceTree = "<group>"; };
		B6004FA214999332005EDC62 /* LaunchPlayVirtualCable.vst */ = {isa = PBXFileReference; explicitFileType = wrapper.cfbundle; includeInIndex = 0; path = LaunchPlayVirtualCable.vst; sourceTree = BUILT_PRODUCTS_DIR; };
		B62EC41B14901ED3002EF0E8 /* LaunchPlaySequencer.h */ = {isa = PBXFileReference; fileEncoding = 4; lastKnownFileType = sourcecode.c.h; path = LaunchPlaySequencer.h; sourceTree = "<group>"; };
		B62EC42014901F5D002EF0E8 /* LaunchPlaySequencer.cpp */ = {isa = PBXFileReference; fileEncoding = 4; lastKnownFileType = sourcecode.cpp.cpp; path = LaunchPlaySequencer.cpp; sourceTree = "<group>"; };
		B62EC440149021D9002EF0E8 /* LaunchPlayMidiFilter.vst */ = {isa = PBXFileReference; explicitFileType = wrapper.cfbundle; includeInIndex = 0; path = LaunchPlayMidiFilter.vst; sourceTree = BUILT_PRODUCTS_DIR; };
		B6B2E9F81490550D0045EF25 /* LaunchPlay-Prefix.pch */ = {isa = PBXFileReference; fileEncoding = 4; lastKnownFileType = sourcecode.c.h; path = "LaunchPlay-Prefix.pch"; sourceTree = "<group>"; };
		B6D35B11148AA30500CE3830 /* LaunchPlay.h */ = {isa = PBXFileReference; fileEncoding = 4; lastKnownFileType = sourcecode.c.h; path = LaunchPlay.h; sourceTree = "<group>"; };
		B6D35B13148AA31500CE3830 /* LaunchPlay.cpp */ = {isa = PBXFileReference; fileEncoding = 4; lastKnownFileType = sourcecode.cpp.cpp; path = LaunchPlay.cpp; sourceTree = "<group>"; };
		B6D35B31148AAF0D00CE3830 /* LaunchPlaySequencer.vst */ = {isa = PBXFileReference; explicitFileType = wrapper.cfbundle; includeInIndex = 0; path = LaunchPlaySequencer.vst; sourceTree = BUILT_PRODUCTS_DIR; };
		B6D35B4F148AB00C00CE3830 /* LaunchPlay-Info.plist */ = {isa = PBXFileReference; fileEncoding = 4; lastKnownFileType = text.plist.xml; path = "LaunchPlay-Info.plist"; sourceTree = "<group>"; };
		B6D35B52148AB03700CE3830 /* en */ = {isa = PBXFileReference; lastKnownFileType = text.plist.strings; name = en; path = en.lproj/InfoPlist.strings; sourceTree = "<group>"; };
		B6E46CCB148C563700B27E81 /* aeffeditor.h */ = {isa = PBXFileReference; fileEncoding = 4; lastKnownFileType = sourcecode.c.h; name = aeffeditor.h; path = ../../../vstsdk2.4/public.sdk/source/vst2.x/aeffeditor.h; sourceTree = "<group>"; };
		B6E46CCC148C563700B27E81 /* audioeffect.cpp */ = {isa = PBXFileReference; fileEncoding = 4; lastKnownFileType = sourcecode.cpp.cpp; name = audioeffect.cpp; path = ../../../vstsdk2.4/public.sdk/source/vst2.x/audioeffect.cpp; sourceTree = "<group>"; };
		B6E46CCD148C563700B27E81 /* audioeffect.h */ = {isa = PBXFileReference; fileEncoding = 4; lastKnownFileType = sourcecode.c.h; name = audioeffect.h; path = ../../../vstsdk2.4/public.sdk/source/vst2.x/audioeffect.h; sourceTree = "<group>"; };
		B6E46CCE148C563700B27E81 /* audioeffectx.cpp */ = {isa = PBXFileReference; fileEncoding = 4; lastKnownFileType = sourcecode.cpp.cpp; name = audioeffectx.cpp; path = ../../../vstsdk2.4/public.sdk/source/vst2.x/audioeffectx.cpp; sourceTree = "<group>"; };
		B6E46CCF148C563700B27E81 /* audioeffectx.h */ = {isa = PBXFileReference; fileEncoding = 4; lastKnownFileType = sourcecode.c.h; name = audioeffectx.h; path = ../../../vstsdk2.4/public.sdk/source/vst2.x/audioeffectx.h; sourceTree = "<group>"; };
		B6E46CD0148C563700B27E81 /* vstplugmain.cpp */ = {isa = PBXFileReference; fileEncoding = 4; lastKnownFileType = sourcecode.cpp.cpp; name = vstplugmain.cpp; path = ../../../vstsdk2.4/public.sdk/source/vst2.x/vstplugmain.cpp; sourceTree = "<group>"; };
		B6E46CD4148C564300B27E81 /* aeffect.h */ = {isa = PBXFileReference; fileEncoding = 4; lastKnownFileType = sourcecode.c.h; name = aeffect.h; path = ../../../vstsdk2.4/pluginterfaces/vst2.x/aeffect.h; sourceTree = "<group>"; };
		B6E46CD5148C564300B27E81 /* aeffectx.h */ = {isa = PBXFileReference; fileEncoding = 4; lastKnownFileType = sourcecode.c.h; name = aeffectx.h; path = ../../../vstsdk2.4/pluginterfaces/vst2.x/aeffectx.h; sourceTree = "<group>"; };
		B6E46CD6148C564300B27E81 /* vstfxstore.h */ = {isa = PBXFileReference; fileEncoding = 4; lastKnownFileType = sourcecode.c.h; name = vstfxstore.h; path = ../../../vstsdk2.4/pluginterfaces/vst2.x/vstfxstore.h; sourceTree = "<group>"; };
		B6E7F1CA149813D40033E95C /* LaunchPlayMidiFilter.cpp */ = {isa = PBXFileReference; fileEncoding = 4; lastKnownFileType = sourcecode.cpp.cpp; path = LaunchPlayMidiFilter.cpp; sourceTree = "<group>"; };
		B6E7F1CB149813D40033E95C /* LaunchPlayMidiFilter.h */ = {isa = PBXFileReference; fileEncoding = 4; lastKnownFileType = sourcecode.c.h; path = LaunchPlayMidiFilter.h; sourceTree = "<group>"; };
		B6ED5C461490DE06009887AC /* MIDIHelpers.h */ = {isa = PBXFileReference; fileEncoding = 4; lastKnownFileType = sourcecode.c.h; path = MIDIHelpers.h; sourceTree = "<group>"; };
		B6ED5C4914914DAF009887AC /* MIDIHelpers.cpp */ = {isa = PBXFileReference; fileEncoding = 4; lastKnownFileType = sourcecode.cpp.cpp; path = MIDIHelpers.cpp; sourceTree = "<group>"; };
/* End PBXFileReference section */

/* Begin PBXGroup section */
		B6D35AEC148A9D4900CE3830 = {
			isa = PBXGroup;
			children = (
				B6D35B02148AA1C600CE3830 /* Resources */,
				B6D35B01148AA1B100CE3830 /* Sources */,
				B6D35B32148AAF0D00CE3830 /* Frameworks */,
				B6D35AF8148A9D4900CE3830 /* Products */,
			);
			sourceTree = "<group>";
		};
		B6D35AF8148A9D4900CE3830 /* Products */ = {
			isa = PBXGroup;
			children = (
				B6D35B31148AAF0D00CE3830 /* LaunchPlaySequencer.vst */,
				B62EC440149021D9002EF0E8 /* LaunchPlayMidiFilter.vst */,
				B6004FA214999332005EDC62 /* LaunchPlayVirtualCable.vst */,
			);
			name = Products;
			sourceTree = "<group>";
		};
		B6D35B01148AA1B100CE3830 /* Sources */ = {
			isa = PBXGroup;
			children = (
				B6E46CCA148C562000B27E81 /* Imported Sources */,
				B6D35B10148AA2CF00CE3830 /* LaunchPlay */,
			);
			path = Sources;
			sourceTree = "<group>";
		};
		B6D35B02148AA1C600CE3830 /* Resources */ = {
			isa = PBXGroup;
			children = (
				B6D35B4F148AB00C00CE3830 /* LaunchPlay-Info.plist */,
				B6D35B51148AB03700CE3830 /* InfoPlist.strings */,
				B6B2E9F81490550D0045EF25 /* LaunchPlay-Prefix.pch */,
			);
			path = Resources;
			sourceTree = "<group>";
		};
		B6D35B10148AA2CF00CE3830 /* LaunchPlay */ = {
			isa = PBXGroup;
			children = (
				B6004F851499932E005EDC62 /* LaunchPlayVirtualCable.h */,
				B6004F841499932E005EDC62 /* LaunchPlayVirtualCable.cpp */,
				B6E7F1CB149813D40033E95C /* LaunchPlayMidiFilter.h */,
				B6E7F1CA149813D40033E95C /* LaunchPlayMidiFilter.cpp */,
				B6D35B11148AA30500CE3830 /* LaunchPlay.h */,
				B6D35B13148AA31500CE3830 /* LaunchPlay.cpp */,
				B62EC41B14901ED3002EF0E8 /* LaunchPlaySequencer.h */,
				B62EC42014901F5D002EF0E8 /* LaunchPlaySequencer.cpp */,
				B6ED5C461490DE06009887AC /* MIDIHelpers.h */,
				B6ED5C4914914DAF009887AC /* MIDIHelpers.cpp */,
			);
			name = LaunchPlay;
			sourceTree = "<group>";
		};
		B6D35B32148AAF0D00CE3830 /* Frameworks */ = {
			isa = PBXGroup;
			children = (
			);
			name = Frameworks;
			sourceTree = "<group>";
		};
		B6E46CCA148C562000B27E81 /* Imported Sources */ = {
			isa = PBXGroup;
			children = (
				B6E46CD4148C564300B27E81 /* aeffect.h */,
				B6E46CD5148C564300B27E81 /* aeffectx.h */,
				B6E46CD6148C564300B27E81 /* vstfxstore.h */,
				B6E46CCB148C563700B27E81 /* aeffeditor.h */,
				B6E46CCC148C563700B27E81 /* audioeffect.cpp */,
				B6E46CCD148C563700B27E81 /* audioeffect.h */,
				B6E46CCE148C563700B27E81 /* audioeffectx.cpp */,
				B6E46CCF148C563700B27E81 /* audioeffectx.h */,
				B6E46CD0148C563700B27E81 /* vstplugmain.cpp */,
			);
			name = "Imported Sources";
			sourceTree = "<group>";
		};
/* End PBXGroup section */

/* Begin PBXHeadersBuildPhase section */
		B6004F8A14999332005EDC62 /* Headers */ = {
			isa = PBXHeadersBuildPhase;
			buildActionMask = 2147483647;
			files = (
				B6004FA814999426005EDC62 /* LaunchPlayVirtualCable.h in Headers */,
				B6004F8B14999332005EDC62 /* aeffect.h in Headers */,
				B6004F8C14999332005EDC62 /* aeffectx.h in Headers */,
				B6004F8D14999332005EDC62 /* vstfxstore.h in Headers */,
				B6004F8E14999332005EDC62 /* aeffeditor.h in Headers */,
				B6004F8F14999332005EDC62 /* audioeffect.h in Headers */,
				B6004F9014999332005EDC62 /* audioeffectx.h in Headers */,
				B6004F9114999332005EDC62 /* LaunchPlay.h in Headers */,
				B6004F9314999332005EDC62 /* MIDIHelpers.h in Headers */,
			);
			runOnlyForDeploymentPostprocessing = 0;
		};
		B62EC425149021D9002EF0E8 /* Headers */ = {
			isa = PBXHeadersBuildPhase;
			buildActionMask = 2147483647;
			files = (
				B62EC426149021D9002EF0E8 /* aeffect.h in Headers */,
				B62EC427149021D9002EF0E8 /* aeffectx.h in Headers */,
				B62EC428149021D9002EF0E8 /* vstfxstore.h in Headers */,
				B62EC429149021D9002EF0E8 /* aeffeditor.h in Headers */,
				B62EC42A149021D9002EF0E8 /* audioeffect.h in Headers */,
				B62EC42B149021D9002EF0E8 /* audioeffectx.h in Headers */,
				B62EC42C149021D9002EF0E8 /* LaunchPlay.h in Headers */,
				B6ED5C481490DE06009887AC /* MIDIHelpers.h in Headers */,
				B6E7F1CD149813D40033E95C /* LaunchPlayMidiFilter.h in Headers */,
			);
			runOnlyForDeploymentPostprocessing = 0;
		};
		B6E46CD7148C572500B27E81 /* Headers */ = {
			isa = PBXHeadersBuildPhase;
			buildActionMask = 2147483647;
			files = (
				B6E46CD8148C573800B27E81 /* aeffect.h in Headers */,
				B6E46CD9148C573800B27E81 /* aeffectx.h in Headers */,
				B6E46CDA148C573800B27E81 /* vstfxstore.h in Headers */,
				B6E46CDB148C573800B27E81 /* aeffeditor.h in Headers */,
				B6E46CDC148C573800B27E81 /* audioeffect.h in Headers */,
				B6E46CDD148C573800B27E81 /* audioeffectx.h in Headers */,
				B6E46CDE148C573800B27E81 /* LaunchPlay.h in Headers */,
				B62EC41C14901ED3002EF0E8 /* LaunchPlaySequencer.h in Headers */,
				B6ED5C471490DE06009887AC /* MIDIHelpers.h in Headers */,
			);
			runOnlyForDeploymentPostprocessing = 0;
		};
/* End PBXHeadersBuildPhase section */

/* Begin PBXNativeTarget section */
		B6004F8714999332005EDC62 /* LaunchPlayVirtualCable */ = {
			isa = PBXNativeTarget;
			buildConfigurationList = B6004F9F14999332005EDC62 /* Build configuration list for PBXNativeTarget "LaunchPlayVirtualCable" */;
			buildPhases = (
				B6004F8A14999332005EDC62 /* Headers */,
				B6004F9514999332005EDC62 /* Sources */,
				B6004F9D14999332005EDC62 /* Resources */,
			);
			buildRules = (
			);
			dependencies = (
			);
			name = LaunchPlayVirtualCable;
			productName = LaunchPad;
			productReference = B6004FA214999332005EDC62 /* LaunchPlayVirtualCable.vst */;
			productType = "com.apple.product-type.bundle";
		};
		B62EC424149021D9002EF0E8 /* LaunchPlayMidiFilter */ = {
			isa = PBXNativeTarget;
			buildConfigurationList = B62EC43D149021D9002EF0E8 /* Build configuration list for PBXNativeTarget "LaunchPlayMidiFilter" */;
			buildPhases = (
				B62EC425149021D9002EF0E8 /* Headers */,
				B62EC431149021D9002EF0E8 /* Sources */,
				B62EC439149021D9002EF0E8 /* Resources */,
			);
			buildRules = (
			);
			dependencies = (
			);
			name = LaunchPlayMidiFilter;
			productName = LaunchPad;
			productReference = B62EC440149021D9002EF0E8 /* LaunchPlayMidiFilter.vst */;
			productType = "com.apple.product-type.bundle";
		};
		B6D35B30148AAF0D00CE3830 /* LaunchPlaySequencer */ = {
			isa = PBXNativeTarget;
			buildConfigurationList = B6D35B40148AAF0E00CE3830 /* Build configuration list for PBXNativeTarget "LaunchPlaySequencer" */;
			buildPhases = (
				B6E46CD7148C572500B27E81 /* Headers */,
				B6D35B2D148AAF0D00CE3830 /* Sources */,
				B6D35B2F148AAF0D00CE3830 /* Resources */,
			);
			buildRules = (
			);
			dependencies = (
				B6004FA714999363005EDC62 /* PBXTargetDependency */,
				B6004FA514999361005EDC62 /* PBXTargetDependency */,
			);
			name = LaunchPlaySequencer;
			productName = LaunchPad;
			productReference = B6D35B31148AAF0D00CE3830 /* LaunchPlaySequencer.vst */;
			productType = "com.apple.product-type.bundle";
		};
/* End PBXNativeTarget section */

/* Begin PBXProject section */
		B6D35AEE148A9D4900CE3830 /* Project object */ = {
			isa = PBXProject;
			attributes = {
				LastUpgradeCheck = 0420;
			};
			buildConfigurationList = B6D35AF1148A9D4900CE3830 /* Build configuration list for PBXProject "LaunchPlayVST" */;
			compatibilityVersion = "Xcode 3.2";
			developmentRegion = English;
			hasScannedForEncodings = 0;
			knownRegions = (
				en,
			);
			mainGroup = B6D35AEC148A9D4900CE3830;
			productRefGroup = B6D35AF8148A9D4900CE3830 /* Products */;
			projectDirPath = "";
			projectRoot = "";
			targets = (
				B6D35B30148AAF0D00CE3830 /* LaunchPlaySequencer */,
				B62EC424149021D9002EF0E8 /* LaunchPlayMidiFilter */,
				B6004F8714999332005EDC62 /* LaunchPlayVirtualCable */,
			);
		};
/* End PBXProject section */

/* Begin PBXResourcesBuildPhase section */
		B6004F9D14999332005EDC62 /* Resources */ = {
			isa = PBXResourcesBuildPhase;
			buildActionMask = 2147483647;
			files = (
				B6004F9E14999332005EDC62 /* InfoPlist.strings in Resources */,
			);
			runOnlyForDeploymentPostprocessing = 0;
		};
		B62EC439149021D9002EF0E8 /* Resources */ = {
			isa = PBXResourcesBuildPhase;
			buildActionMask = 2147483647;
			files = (
				B62EC43A149021D9002EF0E8 /* InfoPlist.strings in Resources */,
			);
			runOnlyForDeploymentPostprocessing = 0;
		};
		B6D35B2F148AAF0D00CE3830 /* Resources */ = {
			isa = PBXResourcesBuildPhase;
			buildActionMask = 2147483647;
			files = (
				B6D35B53148AB03700CE3830 /* InfoPlist.strings in Resources */,
			);
			runOnlyForDeploymentPostprocessing = 0;
		};
/* End PBXResourcesBuildPhase section */

/* Begin PBXSourcesBuildPhase section */
		B6004F9514999332005EDC62 /* Sources */ = {
			isa = PBXSourcesBuildPhase;
			buildActionMask = 2147483647;
			files = (
				B6004FA914999431005EDC62 /* LaunchPlayVirtualCable.cpp in Sources */,
				B6004F9614999332005EDC62 /* LaunchPlay.cpp in Sources */,
				B6004F9714999332005EDC62 /* audioeffect.cpp in Sources */,
				B6004F9814999332005EDC62 /* audioeffectx.cpp in Sources */,
				B6004F9914999332005EDC62 /* vstplugmain.cpp in Sources */,
				B6004F9B14999332005EDC62 /* MIDIHelpers.cpp in Sources */,
			);
			runOnlyForDeploymentPostprocessing = 0;
		};
		B62EC431149021D9002EF0E8 /* Sources */ = {
			isa = PBXSourcesBuildPhase;
			buildActionMask = 2147483647;
			files = (
				B62EC432149021D9002EF0E8 /* LaunchPlay.cpp in Sources */,
				B62EC433149021D9002EF0E8 /* audioeffect.cpp in Sources */,
				B62EC434149021D9002EF0E8 /* audioeffectx.cpp in Sources */,
				B62EC435149021D9002EF0E8 /* vstplugmain.cpp in Sources */,
				B6ED5C4B14914DAF009887AC /* MIDIHelpers.cpp in Sources */,
				B6E7F1CC149813D40033E95C /* LaunchPlayMidiFilter.cpp in Sources */,
			);
			runOnlyForDeploymentPostprocessing = 0;
		};
		B6D35B2D148AAF0D00CE3830 /* Sources */ = {
			isa = PBXSourcesBuildPhase;
			buildActionMask = 2147483647;
			files = (
				B6D35B43148AAF3900CE3830 /* LaunchPlay.cpp in Sources */,
				B6E46CD1148C563700B27E81 /* audioeffect.cpp in Sources */,
				B6E46CD2148C563700B27E81 /* audioeffectx.cpp in Sources */,
				B6E46CD3148C563700B27E81 /* vstplugmain.cpp in Sources */,
				B62EC42114901F5D002EF0E8 /* LaunchPlaySequencer.cpp in Sources */,
				B6ED5C4A14914DAF009887AC /* MIDIHelpers.cpp in Sources */,
			);
			runOnlyForDeploymentPostprocessing = 0;
		};
/* End PBXSourcesBuildPhase section */

/* Begin PBXTargetDependency section */
		B6004FA514999361005EDC62 /* PBXTargetDependency */ = {
			isa = PBXTargetDependency;
			target = B62EC424149021D9002EF0E8 /* LaunchPlayMidiFilter */;
			targetProxy = B6004FA414999361005EDC62 /* PBXContainerItemProxy */;
		};
		B6004FA714999363005EDC62 /* PBXTargetDependency */ = {
			isa = PBXTargetDependency;
			target = B6004F8714999332005EDC62 /* LaunchPlayVirtualCable */;
			targetProxy = B6004FA614999363005EDC62 /* PBXContainerItemProxy */;
		};
/* End PBXTargetDependency section */

/* Begin PBXVariantGroup section */
		B6D35B51148AB03700CE3830 /* InfoPlist.strings */ = {
			isa = PBXVariantGroup;
			children = (
				B6D35B52148AB03700CE3830 /* en */,
			);
			name = InfoPlist.strings;
			sourceTree = "<group>";
		};
/* End PBXVariantGroup section */

/* Begin XCBuildConfiguration section */
		B6004FA014999332005EDC62 /* Debug */ = {
			isa = XCBuildConfiguration;
			buildSettings = {
				CLANG_CXX_LANGUAGE_STANDARD = "";
				CLANG_CXX_LIBRARY = "";
				GCC_C_LANGUAGE_STANDARD = "compiler-default";
				GCC_PRECOMPILE_PREFIX_HEADER = YES;
				GCC_PREFIX_HEADER = "Resources/LaunchPlay-Prefix.pch";
				GCC_PREPROCESSOR_DEFINITIONS = "$(inherited)";
				GCC_VERSION = "";
				GENERATE_PKGINFO_FILE = YES;
				HEADER_SEARCH_PATHS = (
					/opt/local/include/,
					"$(SRCROOT)/../../vstsdk2.4/",
				);
				INFOPLIST_FILE = "Resources/LaunchPlay-Info.plist";
				INFOPLIST_PREPROCESS = NO;
				INSTALL_PATH = "$(USER_LIBRARY_DIR)/Audio/Plug-Ins/VST";
				LIBRARY_SEARCH_PATHS = /opt/local/lib/;
				OTHER_LDFLAGS = "-lboost_serialization";
				PRODUCT_NAME = "$(TARGET_NAME)";
				SDKROOT = "";
				USER_HEADER_SEARCH_PATHS = "";
				WRAPPER_EXTENSION = vst;
			};
			name = Debug;
		};
		B6004FA114999332005EDC62 /* Release */ = {
			isa = XCBuildConfiguration;
			buildSettings = {
				CLANG_CXX_LANGUAGE_STANDARD = "";
				CLANG_CXX_LIBRARY = "";
				GCC_C_LANGUAGE_STANDARD = "compiler-default";
				GCC_PRECOMPILE_PREFIX_HEADER = YES;
				GCC_PREFIX_HEADER = "Resources/LaunchPlay-Prefix.pch";
				GCC_PREPROCESSOR_DEFINITIONS = "";
				GCC_VERSION = "";
				GENERATE_PKGINFO_FILE = YES;
				HEADER_SEARCH_PATHS = (
					/opt/local/include/,
					"$(SRCROOT)/../../vstsdk2.4/",
				);
				INFOPLIST_FILE = "Resources/LaunchPlay-Info.plist";
				INFOPLIST_PREPROCESS = NO;
				INSTALL_PATH = "$(USER_LIBRARY_DIR)/Audio/Plug-Ins/VST";
				LIBRARY_SEARCH_PATHS = /opt/local/lib/;
				OTHER_LDFLAGS = "-lboost_serialization";
				PRODUCT_NAME = "$(TARGET_NAME)";
				SDKROOT = "";
				USER_HEADER_SEARCH_PATHS = "";
				WRAPPER_EXTENSION = vst;
			};
			name = Release;
		};
		B62EC43E149021D9002EF0E8 /* Debug */ = {
			isa = XCBuildConfiguration;
			buildSettings = {
				CLANG_CXX_LANGUAGE_STANDARD = "";
				CLANG_CXX_LIBRARY = "";
				GCC_C_LANGUAGE_STANDARD = "compiler-default";
				GCC_PRECOMPILE_PREFIX_HEADER = YES;
				GCC_PREFIX_HEADER = "Resources/LaunchPlay-Prefix.pch";
				GCC_PREPROCESSOR_DEFINITIONS = "$(inherited)";
				GCC_VERSION = "";
				GENERATE_PKGINFO_FILE = YES;
				HEADER_SEARCH_PATHS = (
					/opt/local/include/,
					"$(SRCROOT)/../../vstsdk2.4/",
				);
				INFOPLIST_FILE = "Resources/LaunchPlay-Info.plist";
				INFOPLIST_PREPROCESS = NO;
				INSTALL_PATH = "$(USER_LIBRARY_DIR)/Audio/Plug-Ins/VST";
				OTHER_LDFLAGS = "";
				PRODUCT_NAME = "$(TARGET_NAME)";
				SDKROOT = "";
				USER_HEADER_SEARCH_PATHS = "";
				WRAPPER_EXTENSION = vst;
			};
			name = Debug;
		};
		B62EC43F149021D9002EF0E8 /* Release */ = {
			isa = XCBuildConfiguration;
			buildSettings = {
				CLANG_CXX_LANGUAGE_STANDARD = "";
				CLANG_CXX_LIBRARY = "";
				GCC_C_LANGUAGE_STANDARD = "compiler-default";
				GCC_PRECOMPILE_PREFIX_HEADER = YES;
				GCC_PREFIX_HEADER = "Resources/LaunchPlay-Prefix.pch";
				GCC_PREPROCESSOR_DEFINITIONS = "";
				GCC_VERSION = "";
				GENERATE_PKGINFO_FILE = YES;
				HEADER_SEARCH_PATHS = (
					/opt/local/include/,
					"$(SRCROOT)/../../vstsdk2.4/",
				);
				INFOPLIST_FILE = "Resources/LaunchPlay-Info.plist";
				INFOPLIST_PREPROCESS = NO;
				INSTALL_PATH = "$(USER_LIBRARY_DIR)/Audio/Plug-Ins/VST";
				OTHER_LDFLAGS = "";
				PRODUCT_NAME = "$(TARGET_NAME)";
				SDKROOT = "";
				USER_HEADER_SEARCH_PATHS = "";
				WRAPPER_EXTENSION = vst;
			};
			name = Release;
		};
		B6D35AF9148A9D4900CE3830 /* Debug */ = {
			isa = XCBuildConfiguration;
			buildSettings = {
				ALWAYS_SEARCH_USER_PATHS = YES;
				ARCHS = "$(ARCHS_STANDARD_32_64_BIT)";
				CLANG_CXX_LANGUAGE_STANDARD = "";
				CLANG_CXX_LIBRARY = "";
				COPY_PHASE_STRIP = NO;
				DEBUG_INFORMATION_FORMAT = dwarf;
				EXPORTED_SYMBOLS_FILE = "";
				GCC_C_LANGUAGE_STANDARD = "compiler-default";
				GCC_DYNAMIC_NO_PIC = NO;
				GCC_ENABLE_OBJC_EXCEPTIONS = NO;
				GCC_OPTIMIZATION_LEVEL = 0;
				GCC_PRECOMPILE_PREFIX_HEADER = YES;
				GCC_PREPROCESSOR_DEFINITIONS = (
					"DEBUG=1",
					"$(inherited)",
				);
				GCC_SYMBOLS_PRIVATE_EXTERN = NO;
				GCC_VERSION = "";
				GCC_WARN_64_TO_32_BIT_CONVERSION = NO;
				GCC_WARN_ABOUT_MISSING_PROTOTYPES = NO;
				GCC_WARN_ABOUT_RETURN_TYPE = YES;
				GCC_WARN_UNUSED_VARIABLE = YES;
				GENERATE_PKGINFO_FILE = YES;
				HEADER_SEARCH_PATHS = (
					/opt/local/include/,
					"$(SRCROOT)/../../vstsdk2.4/",
				);
				INFOPLIST_FILE = "Resources/LaunchPlay-Info.plist";
				INFOPLIST_PREPROCESS = NO;
				INSTALL_PATH = "$(USER_LIBRARY_DIR)/Audio/Plug-Ins/VST";
				MACH_O_TYPE = mh_bundle;
				MACOSX_DEPLOYMENT_TARGET = 10.5;
				ONLY_ACTIVE_ARCH = NO;
				SDKROOT = "";
			};
			name = Debug;
		};
		B6D35AFA148A9D4900CE3830 /* Release */ = {
			isa = XCBuildConfiguration;
			buildSettings = {
				ALWAYS_SEARCH_USER_PATHS = YES;
				ARCHS = "$(ARCHS_STANDARD_32_64_BIT)";
				CLANG_CXX_LANGUAGE_STANDARD = "";
				CLANG_CXX_LIBRARY = "";
				COPY_PHASE_STRIP = YES;
				DEBUG_INFORMATION_FORMAT = "dwarf-with-dsym";
				EXPORTED_SYMBOLS_FILE = "";
				GCC_C_LANGUAGE_STANDARD = "compiler-default";
				GCC_ENABLE_OBJC_EXCEPTIONS = NO;
				GCC_PRECOMPILE_PREFIX_HEADER = YES;
				GCC_VERSION = "";
				GCC_WARN_64_TO_32_BIT_CONVERSION = NO;
				GCC_WARN_ABOUT_MISSING_PROTOTYPES = NO;
				GCC_WARN_ABOUT_RETURN_TYPE = YES;
				GCC_WARN_UNUSED_VARIABLE = YES;
				GENERATE_PKGINFO_FILE = YES;
				HEADER_SEARCH_PATHS = (
					/opt/local/include/,
					"$(SRCROOT)/../../vstsdk2.4/",
				);
				INFOPLIST_FILE = "Resources/LaunchPlay-Info.plist";
				INFOPLIST_PREPROCESS = NO;
				INSTALL_PATH = "$(USER_LIBRARY_DIR)/Audio/Plug-Ins/VST";
				MACH_O_TYPE = mh_bundle;
				MACOSX_DEPLOYMENT_TARGET = 10.5;
				SDKROOT = "";
			};
			name = Release;
		};
		B6D35B41148AAF0E00CE3830 /* Debug */ = {
			isa = XCBuildConfiguration;
			buildSettings = {
				CLANG_CXX_LANGUAGE_STANDARD = "";
				CLANG_CXX_LIBRARY = "";
				GCC_C_LANGUAGE_STANDARD = "compiler-default";
				GCC_PRECOMPILE_PREFIX_HEADER = YES;
				GCC_PREFIX_HEADER = "Resources/LaunchPlay-Prefix.pch";
				GCC_PREPROCESSOR_DEFINITIONS = "$(inherited)";
				GCC_VERSION = "";
				GENERATE_PKGINFO_FILE = YES;
				HEADER_SEARCH_PATHS = (
					/opt/local/include/,
					"$(SRCROOT)/../../vstsdk2.4/",
				);
				INFOPLIST_FILE = "Resources/LaunchPlay-Info.plist";
				INFOPLIST_PREPROCESS = NO;
				INSTALL_PATH = "$(USER_LIBRARY_DIR)/Audio/Plug-Ins/VST";
				LIBRARY_SEARCH_PATHS = /opt/local/lib/;
				OTHER_LDFLAGS = "-lboost_serialization";
				PRODUCT_NAME = "$(TARGET_NAME)";
				SDKROOT = "";
				USER_HEADER_SEARCH_PATHS = "";
				WRAPPER_EXTENSION = vst;
			};
			name = Debug;
		};
		B6D35B42148AAF0E00CE3830 /* Release */ = {
			isa = XCBuildConfiguration;
			buildSettings = {
				CLANG_CXX_LANGUAGE_STANDARD = "";
				CLANG_CXX_LIBRARY = "";
				GCC_C_LANGUAGE_STANDARD = "compiler-default";
				GCC_PRECOMPILE_PREFIX_HEADER = YES;
				GCC_PREFIX_HEADER = "Resources/LaunchPlay-Prefix.pch";
				GCC_PREPROCESSOR_DEFINITIONS = "";
				GCC_VERSION = "";
				GENERATE_PKGINFO_FILE = YES;
				HEADER_SEARCH_PATHS = (
					/opt/local/include/,
					"$(SRCROOT)/../../vstsdk2.4/",
				);
				INFOPLIST_FILE = "Resources/LaunchPlay-Info.plist";
				INFOPLIST_PREPROCESS = NO;
				INSTALL_PATH = "$(USER_LIBRARY_DIR)/Audio/Plug-Ins/VST";
				LIBRARY_SEARCH_PATHS = /opt/local/lib/;
				OTHER_LDFLAGS = "-lboost_serialization";
				PRODUCT_NAME = "$(TARGET_NAME)";
				SDKROOT = "";
				USER_HEADER_SEARCH_PATHS = "";
				WRAPPER_EXTENSION = vst;
			};
			name = Release;
		};
/* End XCBuildConfiguration section */

/* Begin XCConfigurationList section */
		B6004F9F14999332005EDC62 /* Build configuration list for PBXNativeTarget "LaunchPlayVirtualCable" */ = {
			isa = XCConfigurationList;
			buildConfigurations = (
				B6004FA014999332005EDC62 /* Debug */,
				B6004FA114999332005EDC62 /* Release */,
			);
			defaultConfigurationIsVisible = 0;
			defaultConfigurationName = Release;
		};
		B62EC43D149021D9002EF0E8 /* Build configuration list for PBXNativeTarget "LaunchPlayMidiFilter" */ = {
			isa = XCConfigurationList;
			buildConfigurations = (
				B62EC43E149021D9002EF0E8 /* Debug */,
				B62EC43F149021D9002EF0E8 /* Release */,
			);
			defaultConfigurationIsVisible = 0;
			defaultConfigurationName = Release;
		};
		B6D35AF1148A9D4900CE3830 /* Build configuration list for PBXProject "LaunchPlayVST" */ = {
			isa = XCConfigurationList;
			buildConfigurations = (
				B6D35AF9148A9D4900CE3830 /* Debug */,
				B6D35AFA148A9D4900CE3830 /* Release */,
			);
			defaultConfigurationIsVisible = 0;
			defaultConfigurationName = Release;
		};
		B6D35B40148AAF0E00CE3830 /* Build configuration list for PBXNativeTarget "LaunchPlaySequencer" */ = {
			isa = XCConfigurationList;
			buildConfigurations = (
				B6D35B41148AAF0E00CE3830 /* Debug */,
				B6D35B42148AAF0E00CE3830 /* Release */,
			);
			defaultConfigurationIsVisible = 0;
			defaultConfigurationName = Release;
		};
/* End XCConfigurationList section */
	};
	rootObject = B6D35AEE148A9D4900CE3830 /* Project object */;
}
